
Microsoft Visual Studio Solution File, Format Version 12.00
# Visual Studio Version 16
VisualStudioVersion = 16.0.29911.84
MinimumVisualStudioVersion = 10.0.40219.1
Project("{8BC9CEB8-8B4A-11D0-8D11-00A0C91BC942}") = "Neverchess", "Neverchess.vcxproj", "{CAB6A7D9-FF33-4133-951C-DB521F90156E}"
EndProject
Global
	GlobalSection(SolutionConfigurationPlatforms) = preSolution
		Debug|x64 = Debug|x64
		Debug|x86 = Debug|x86
		Release|x64 = Release|x64
		Release|x86 = Release|x86
	EndGlobalSection
	GlobalSection(ProjectConfigurationPlatforms) = postSolution
		{CAB6A7D9-FF33-4133-951C-DB521F90156E}.Debug|x64.ActiveCfg = Debug|x64
		{CAB6A7D9-FF33-4133-951C-DB521F90156E}.Debug|x64.Build.0 = Debug|x64
		{CAB6A7D9-FF33-4133-951C-DB521F90156E}.Debug|x86.ActiveCfg = Debug|Win32
		{CAB6A7D9-FF33-4133-951C-DB521F90156E}.Debug|x86.Build.0 = Debug|Win32
		{CAB6A7D9-FF33-4133-951C-DB521F90156E}.Release|x64.ActiveCfg = Release|x64
		{CAB6A7D9-FF33-4133-951C-DB521F90156E}.Release|x64.Build.0 = Release|x64
		{CAB6A7D9-FF33-4133-951C-DB521F90156E}.Release|x86.ActiveCfg = Release|Win32
		{CAB6A7D9-FF33-4133-951C-DB521F90156E}.Release|x86.Build.0 = Release|Win32
	EndGlobalSection
	GlobalSection(SolutionProperties) = preSolution
		HideSolutionNode = FALSE
	EndGlobalSection
	GlobalSection(ExtensibilityGlobals) = postSolution
		SolutionGuid = {5BC6D9DF-1A6F-432C-AA93-285833377C6D}
	EndGlobalSection
EndGlobal
